
Microsoft Visual Studio Solution File, Format Version 12.00
# Visual Studio Version 17
VisualStudioVersion = 17.0.31903.59
MinimumVisualStudioVersion = 10.0.40219.1
Project("{2150E333-8FDC-42A3-9474-1A3956D46DE8}") = "src", "src", "{827E0CD3-B72D-47B6-A68D-7590B98EB39B}"
EndProject
Project("{FAE04EC0-301F-11D3-BF4B-00C04F79EFBC}") = "LLMProxy.Api", "src\LLMProxy.Api\LLMProxy.Api.csproj", "{4B96862A-91C2-4632-A215-EC241686BE74}"
EndProject
Project("{FAE04EC0-301F-11D3-BF4B-00C04F79EFBC}") = "LLMProxy.Application", "src\LLMProxy.Application\LLMProxy.Application.csproj", "{5C28A5D0-6DC2-4C79-B311-4471E59E61BA}"
EndProject
Project("{FAE04EC0-301F-11D3-BF4B-00C04F79EFBC}") = "LLMProxy.Domain", "src\LLMProxy.Domain\LLMProxy.Domain.csproj", "{CCECFB35-6C4A-45E1-98FE-2DA9A022867A}"
EndProject
Project("{FAE04EC0-301F-11D3-BF4B-00C04F79EFBC}") = "LLMProxy.Infrastructure", "src\LLMProxy.Infrastructure\LLMProxy.Infrastructure.csproj", "{7B187477-8903-43B2-A487-00361A13717B}"
EndProject
Project("{FAE04EC0-301F-11D3-BF4B-00C04F79EFBC}") = "LLMProxy.Providers", "src\LLMProxy.Providers\LLMProxy.Providers.csproj", "{2AD8A1AA-D1F5-49FD-B97F-D0D1FDE75BF7}"
EndProject
Project("{FAE04EC0-301F-11D3-BF4B-00C04F79EFBC}") = "LLMProxy.Server", "src\LLMProxy.Server\LLMProxy.Server.csproj", "{F8DE801D-7A02-40AE-B4AF-5B8FC5D7308E}"
EndProject
Project("{2150E333-8FDC-42A3-9474-1A3956D46DE8}") = "tests", "tests", "{0AB3BF05-4346-4AA6-1389-037BE0695223}"
EndProject
Project("{FAE04EC0-301F-11D3-BF4B-00C04F79EFBC}") = "LLMProxy.IntegrationTests", "tests\LLMProxy.IntegrationTests\LLMProxy.IntegrationTests.csproj", "{7AE4BE87-5481-4FF0-9558-F21C29388320}"
EndProject
Project("{FAE04EC0-301F-11D3-BF4B-00C04F79EFBC}") = "LLMProxy.ProviderTests", "tests\LLMProxy.ProviderTests\LLMProxy.ProviderTests.csproj", "{2D4FABB2-CAEC-431C-8617-E832520B1C52}"
EndProject
Project("{FAE04EC0-301F-11D3-BF4B-00C04F79EFBC}") = "LLMProxy.UnitTests", "tests\LLMProxy.UnitTests\LLMProxy.UnitTests.csproj", "{42922C9D-D228-4CB4-99F1-2B86A01F03D7}"
EndProject
Project("{2150E333-8FDC-42A3-9474-1A3956D46DE8}") = "examples", "examples", "{B36A84DF-456D-A817-6EDD-3EC3E7F6E11F}"
EndProject
Project("{2150E333-8FDC-42A3-9474-1A3956D46DE8}") = "csharp", "csharp", "{06E8C8A7-A0E8-98DE-8946-9CF52B15DA27}"
EndProject
Project("{FAE04EC0-301F-11D3-BF4B-00C04F79EFBC}") = "LLMProxy.Example", "examples\csharp\LLMProxy.Example.csproj", "{0D4C05D8-0C63-4979-8EB9-926FA308F42C}"
EndProject
Global
	GlobalSection(SolutionConfigurationPlatforms) = preSolution
		Debug|Any CPU = Debug|Any CPU
		Debug|x64 = Debug|x64
		Debug|x86 = Debug|x86
		Release|Any CPU = Release|Any CPU
		Release|x64 = Release|x64
		Release|x86 = Release|x86
	EndGlobalSection
	GlobalSection(ProjectConfigurationPlatforms) = postSolution
		{4B96862A-91C2-4632-A215-EC241686BE74}.Debug|Any CPU.ActiveCfg = Debug|Any CPU
		{4B96862A-91C2-4632-A215-EC241686BE74}.Debug|Any CPU.Build.0 = Debug|Any CPU
		{4B96862A-91C2-4632-A215-EC241686BE74}.Debug|x64.ActiveCfg = Debug|Any CPU
		{4B96862A-91C2-4632-A215-EC241686BE74}.Debug|x64.Build.0 = Debug|Any CPU
		{4B96862A-91C2-4632-A215-EC241686BE74}.Debug|x86.ActiveCfg = Debug|Any CPU
		{4B96862A-91C2-4632-A215-EC241686BE74}.Debug|x86.Build.0 = Debug|Any CPU
		{4B96862A-91C2-4632-A215-EC241686BE74}.Release|Any CPU.ActiveCfg = Release|Any CPU
		{4B96862A-91C2-4632-A215-EC241686BE74}.Release|Any CPU.Build.0 = Release|Any CPU
		{4B96862A-91C2-4632-A215-EC241686BE74}.Release|x64.ActiveCfg = Release|Any CPU
		{4B96862A-91C2-4632-A215-EC241686BE74}.Release|x64.Build.0 = Release|Any CPU
		{4B96862A-91C2-4632-A215-EC241686BE74}.Release|x86.ActiveCfg = Release|Any CPU
		{4B96862A-91C2-4632-A215-EC241686BE74}.Release|x86.Build.0 = Release|Any CPU
		{5C28A5D0-6DC2-4C79-B311-4471E59E61BA}.Debug|Any CPU.ActiveCfg = Debug|Any CPU
		{5C28A5D0-6DC2-4C79-B311-4471E59E61BA}.Debug|Any CPU.Build.0 = Debug|Any CPU
		{5C28A5D0-6DC2-4C79-B311-4471E59E61BA}.Debug|x64.ActiveCfg = Debug|Any CPU
		{5C28A5D0-6DC2-4C79-B311-4471E59E61BA}.Debug|x64.Build.0 = Debug|Any CPU
		{5C28A5D0-6DC2-4C79-B311-4471E59E61BA}.Debug|x86.ActiveCfg = Debug|Any CPU
		{5C28A5D0-6DC2-4C79-B311-4471E59E61BA}.Debug|x86.Build.0 = Debug|Any CPU
		{5C28A5D0-6DC2-4C79-B311-4471E59E61BA}.Release|Any CPU.ActiveCfg = Release|Any CPU
		{5C28A5D0-6DC2-4C79-B311-4471E59E61BA}.Release|Any CPU.Build.0 = Release|Any CPU
		{5C28A5D0-6DC2-4C79-B311-4471E59E61BA}.Release|x64.ActiveCfg = Release|Any CPU
		{5C28A5D0-6DC2-4C79-B311-4471E59E61BA}.Release|x64.Build.0 = Release|Any CPU
		{5C28A5D0-6DC2-4C79-B311-4471E59E61BA}.Release|x86.ActiveCfg = Release|Any CPU
		{5C28A5D0-6DC2-4C79-B311-4471E59E61BA}.Release|x86.Build.0 = Release|Any CPU
		{CCECFB35-6C4A-45E1-98FE-2DA9A022867A}.Debug|Any CPU.ActiveCfg = Debug|Any CPU
		{CCECFB35-6C4A-45E1-98FE-2DA9A022867A}.Debug|Any CPU.Build.0 = Debug|Any CPU
		{CCECFB35-6C4A-45E1-98FE-2DA9A022867A}.Debug|x64.ActiveCfg = Debug|Any CPU
		{CCECFB35-6C4A-45E1-98FE-2DA9A022867A}.Debug|x64.Build.0 = Debug|Any CPU
		{CCECFB35-6C4A-45E1-98FE-2DA9A022867A}.Debug|x86.ActiveCfg = Debug|Any CPU
		{CCECFB35-6C4A-45E1-98FE-2DA9A022867A}.Debug|x86.Build.0 = Debug|Any CPU
		{CCECFB35-6C4A-45E1-98FE-2DA9A022867A}.Release|Any CPU.ActiveCfg = Release|Any CPU
		{CCECFB35-6C4A-45E1-98FE-2DA9A022867A}.Release|Any CPU.Build.0 = Release|Any CPU
		{CCECFB35-6C4A-45E1-98FE-2DA9A022867A}.Release|x64.ActiveCfg = Release|Any CPU
		{CCECFB35-6C4A-45E1-98FE-2DA9A022867A}.Release|x64.Build.0 = Release|Any CPU
		{CCECFB35-6C4A-45E1-98FE-2DA9A022867A}.Release|x86.ActiveCfg = Release|Any CPU
		{CCECFB35-6C4A-45E1-98FE-2DA9A022867A}.Release|x86.Build.0 = Release|Any CPU
		{7B187477-8903-43B2-A487-00361A13717B}.Debug|Any CPU.ActiveCfg = Debug|Any CPU
		{7B187477-8903-43B2-A487-00361A13717B}.Debug|Any CPU.Build.0 = Debug|Any CPU
		{7B187477-8903-43B2-A487-00361A13717B}.Debug|x64.ActiveCfg = Debug|Any CPU
		{7B187477-8903-43B2-A487-00361A13717B}.Debug|x64.Build.0 = Debug|Any CPU
		{7B187477-8903-43B2-A487-00361A13717B}.Debug|x86.ActiveCfg = Debug|Any CPU
		{7B187477-8903-43B2-A487-00361A13717B}.Debug|x86.Build.0 = Debug|Any CPU
		{7B187477-8903-43B2-A487-00361A13717B}.Release|Any CPU.ActiveCfg = Release|Any CPU
		{7B187477-8903-43B2-A487-00361A13717B}.Release|Any CPU.Build.0 = Release|Any CPU
		{7B187477-8903-43B2-A487-00361A13717B}.Release|x64.ActiveCfg = Release|Any CPU
		{7B187477-8903-43B2-A487-00361A13717B}.Release|x64.Build.0 = Release|Any CPU
		{7B187477-8903-43B2-A487-00361A13717B}.Release|x86.ActiveCfg = Release|Any CPU
		{7B187477-8903-43B2-A487-00361A13717B}.Release|x86.Build.0 = Release|Any CPU
		{2AD8A1AA-D1F5-49FD-B97F-D0D1FDE75BF7}.Debug|Any CPU.ActiveCfg = Debug|Any CPU
		{2AD8A1AA-D1F5-49FD-B97F-D0D1FDE75BF7}.Debug|Any CPU.Build.0 = Debug|Any CPU
		{2AD8A1AA-D1F5-49FD-B97F-D0D1FDE75BF7}.Debug|x64.ActiveCfg = Debug|Any CPU
		{2AD8A1AA-D1F5-49FD-B97F-D0D1FDE75BF7}.Debug|x64.Build.0 = Debug|Any CPU
		{2AD8A1AA-D1F5-49FD-B97F-D0D1FDE75BF7}.Debug|x86.ActiveCfg = Debug|Any CPU
		{2AD8A1AA-D1F5-49FD-B97F-D0D1FDE75BF7}.Debug|x86.Build.0 = Debug|Any CPU
		{2AD8A1AA-D1F5-49FD-B97F-D0D1FDE75BF7}.Release|Any CPU.ActiveCfg = Release|Any CPU
		{2AD8A1AA-D1F5-49FD-B97F-D0D1FDE75BF7}.Release|Any CPU.Build.0 = Release|Any CPU
		{2AD8A1AA-D1F5-49FD-B97F-D0D1FDE75BF7}.Release|x64.ActiveCfg = Release|Any CPU
		{2AD8A1AA-D1F5-49FD-B97F-D0D1FDE75BF7}.Release|x64.Build.0 = Release|Any CPU
		{2AD8A1AA-D1F5-49FD-B97F-D0D1FDE75BF7}.Release|x86.ActiveCfg = Release|Any CPU
		{2AD8A1AA-D1F5-49FD-B97F-D0D1FDE75BF7}.Release|x86.Build.0 = Release|Any CPU
		{F8DE801D-7A02-40AE-B4AF-5B8FC5D7308E}.Debug|Any CPU.ActiveCfg = Debug|Any CPU
		{F8DE801D-7A02-40AE-B4AF-5B8FC5D7308E}.Debug|Any CPU.Build.0 = Debug|Any CPU
		{F8DE801D-7A02-40AE-B4AF-5B8FC5D7308E}.Debug|x64.ActiveCfg = Debug|Any CPU
		{F8DE801D-7A02-40AE-B4AF-5B8FC5D7308E}.Debug|x64.Build.0 = Debug|Any CPU
		{F8DE801D-7A02-40AE-B4AF-5B8FC5D7308E}.Debug|x86.ActiveCfg = Debug|Any CPU
		{F8DE801D-7A02-40AE-B4AF-5B8FC5D7308E}.Debug|x86.Build.0 = Debug|Any CPU
		{F8DE801D-7A02-40AE-B4AF-5B8FC5D7308E}.Release|Any CPU.ActiveCfg = Release|Any CPU
		{F8DE801D-7A02-40AE-B4AF-5B8FC5D7308E}.Release|Any CPU.Build.0 = Release|Any CPU
		{F8DE801D-7A02-40AE-B4AF-5B8FC5D7308E}.Release|x64.ActiveCfg = Release|Any CPU
		{F8DE801D-7A02-40AE-B4AF-5B8FC5D7308E}.Release|x64.Build.0 = Release|Any CPU
		{F8DE801D-7A02-40AE-B4AF-5B8FC5D7308E}.Release|x86.ActiveCfg = Release|Any CPU
		{F8DE801D-7A02-40AE-B4AF-5B8FC5D7308E}.Release|x86.Build.0 = Release|Any CPU
		{7AE4BE87-5481-4FF0-9558-F21C29388320}.Debug|Any CPU.ActiveCfg = Debug|Any CPU
		{7AE4BE87-5481-4FF0-9558-F21C29388320}.Debug|Any CPU.Build.0 = Debug|Any CPU
		{7AE4BE87-5481-4FF0-9558-F21C29388320}.Debug|x64.ActiveCfg = Debug|Any CPU
		{7AE4BE87-5481-4FF0-9558-F21C29388320}.Debug|x64.Build.0 = Debug|Any CPU
		{7AE4BE87-5481-4FF0-9558-F21C29388320}.Debug|x86.ActiveCfg = Debug|Any CPU
		{7AE4BE87-5481-4FF0-9558-F21C29388320}.Debug|x86.Build.0 = Debug|Any CPU
		{7AE4BE87-5481-4FF0-9558-F21C29388320}.Release|Any CPU.ActiveCfg = Release|Any CPU
		{7AE4BE87-5481-4FF0-9558-F21C29388320}.Release|Any CPU.Build.0 = Release|Any CPU
		{7AE4BE87-5481-4FF0-9558-F21C29388320}.Release|x64.ActiveCfg = Release|Any CPU
		{7AE4BE87-5481-4FF0-9558-F21C29388320}.Release|x64.Build.0 = Release|Any CPU
		{7AE4BE87-5481-4FF0-9558-F21C29388320}.Release|x86.ActiveCfg = Release|Any CPU
		{7AE4BE87-5481-4FF0-9558-F21C29388320}.Release|x86.Build.0 = Release|Any CPU
		{2D4FABB2-CAEC-431C-8617-E832520B1C52}.Debug|Any CPU.ActiveCfg = Debug|Any CPU
		{2D4FABB2-CAEC-431C-8617-E832520B1C52}.Debug|Any CPU.Build.0 = Debug|Any CPU
		{2D4FABB2-CAEC-431C-8617-E832520B1C52}.Debug|x64.ActiveCfg = Debug|Any CPU
		{2D4FABB2-CAEC-431C-8617-E832520B1C52}.Debug|x64.Build.0 = Debug|Any CPU
		{2D4FABB2-CAEC-431C-8617-E832520B1C52}.Debug|x86.ActiveCfg = Debug|Any CPU
		{2D4FABB2-CAEC-431C-8617-E832520B1C52}.Debug|x86.Build.0 = Debug|Any CPU
		{2D4FABB2-CAEC-431C-8617-E832520B1C52}.Release|Any CPU.ActiveCfg = Release|Any CPU
		{2D4FABB2-CAEC-431C-8617-E832520B1C52}.Release|Any CPU.Build.0 = Release|Any CPU
		{2D4FABB2-CAEC-431C-8617-E832520B1C52}.Release|x64.ActiveCfg = Release|Any CPU
		{2D4FABB2-CAEC-431C-8617-E832520B1C52}.Release|x64.Build.0 = Release|Any CPU
		{2D4FABB2-CAEC-431C-8617-E832520B1C52}.Release|x86.ActiveCfg = Release|Any CPU
		{2D4FABB2-CAEC-431C-8617-E832520B1C52}.Release|x86.Build.0 = Release|Any CPU
		{42922C9D-D228-4CB4-99F1-2B86A01F03D7}.Debug|Any CPU.ActiveCfg = Debug|Any CPU
		{42922C9D-D228-4CB4-99F1-2B86A01F03D7}.Debug|Any CPU.Build.0 = Debug|Any CPU
		{42922C9D-D228-4CB4-99F1-2B86A01F03D7}.Debug|x64.ActiveCfg = Debug|Any CPU
		{42922C9D-D228-4CB4-99F1-2B86A01F03D7}.Debug|x64.Build.0 = Debug|Any CPU
		{42922C9D-D228-4CB4-99F1-2B86A01F03D7}.Debug|x86.ActiveCfg = Debug|Any CPU
		{42922C9D-D228-4CB4-99F1-2B86A01F03D7}.Debug|x86.Build.0 = Debug|Any CPU
		{42922C9D-D228-4CB4-99F1-2B86A01F03D7}.Release|Any CPU.ActiveCfg = Release|Any CPU
		{42922C9D-D228-4CB4-99F1-2B86A01F03D7}.Release|Any CPU.Build.0 = Release|Any CPU
		{42922C9D-D228-4CB4-99F1-2B86A01F03D7}.Release|x64.ActiveCfg = Release|Any CPU
		{42922C9D-D228-4CB4-99F1-2B86A01F03D7}.Release|x64.Build.0 = Release|Any CPU
		{42922C9D-D228-4CB4-99F1-2B86A01F03D7}.Release|x86.ActiveCfg = Release|Any CPU
		{42922C9D-D228-4CB4-99F1-2B86A01F03D7}.Release|x86.Build.0 = Release|Any CPU
		{0D4C05D8-0C63-4979-8EB9-926FA308F42C}.Debug|Any CPU.ActiveCfg = Debug|Any CPU
		{0D4C05D8-0C63-4979-8EB9-926FA308F42C}.Debug|Any CPU.Build.0 = Debug|Any CPU
		{0D4C05D8-0C63-4979-8EB9-926FA308F42C}.Debug|x64.ActiveCfg = Debug|Any CPU
		{0D4C05D8-0C63-4979-8EB9-926FA308F42C}.Debug|x64.Build.0 = Debug|Any CPU
		{0D4C05D8-0C63-4979-8EB9-926FA308F42C}.Debug|x86.ActiveCfg = Debug|Any CPU
		{0D4C05D8-0C63-4979-8EB9-926FA308F42C}.Debug|x86.Build.0 = Debug|Any CPU
		{0D4C05D8-0C63-4979-8EB9-926FA308F42C}.Release|Any CPU.ActiveCfg = Release|Any CPU
		{0D4C05D8-0C63-4979-8EB9-926FA308F42C}.Release|Any CPU.Build.0 = Release|Any CPU
		{0D4C05D8-0C63-4979-8EB9-926FA308F42C}.Release|x64.ActiveCfg = Release|Any CPU
		{0D4C05D8-0C63-4979-8EB9-926FA308F42C}.Release|x64.Build.0 = Release|Any CPU
		{0D4C05D8-0C63-4979-8EB9-926FA308F42C}.Release|x86.ActiveCfg = Release|Any CPU
		{0D4C05D8-0C63-4979-8EB9-926FA308F42C}.Release|x86.Build.0 = Release|Any CPU
	EndGlobalSection
	GlobalSection(SolutionProperties) = preSolution
		HideSolutionNode = FALSE
	EndGlobalSection
	GlobalSection(NestedProjects) = preSolution
		{4B96862A-91C2-4632-A215-EC241686BE74} = {827E0CD3-B72D-47B6-A68D-7590B98EB39B}
		{5C28A5D0-6DC2-4C79-B311-4471E59E61BA} = {827E0CD3-B72D-47B6-A68D-7590B98EB39B}
		{CCECFB35-6C4A-45E1-98FE-2DA9A022867A} = {827E0CD3-B72D-47B6-A68D-7590B98EB39B}
		{7B187477-8903-43B2-A487-00361A13717B} = {827E0CD3-B72D-47B6-A68D-7590B98EB39B}
		{2AD8A1AA-D1F5-49FD-B97F-D0D1FDE75BF7} = {827E0CD3-B72D-47B6-A68D-7590B98EB39B}
		{F8DE801D-7A02-40AE-B4AF-5B8FC5D7308E} = {827E0CD3-B72D-47B6-A68D-7590B98EB39B}
		{7AE4BE87-5481-4FF0-9558-F21C29388320} = {0AB3BF05-4346-4AA6-1389-037BE0695223}
		{2D4FABB2-CAEC-431C-8617-E832520B1C52} = {0AB3BF05-4346-4AA6-1389-037BE0695223}
		{42922C9D-D228-4CB4-99F1-2B86A01F03D7} = {0AB3BF05-4346-4AA6-1389-037BE0695223}
		{06E8C8A7-A0E8-98DE-8946-9CF52B15DA27} = {B36A84DF-456D-A817-6EDD-3EC3E7F6E11F}
		{0D4C05D8-0C63-4979-8EB9-926FA308F42C} = {06E8C8A7-A0E8-98DE-8946-9CF52B15DA27}
	EndGlobalSection
EndGlobal
